
Microsoft Visual Studio Solution File, Format Version 12.00
# Visual Studio Version 16
VisualStudioVersion = 16.0.30225.117
MinimumVisualStudioVersion = 10.0.40219.1
Project("{FAE04EC0-301F-11D3-BF4B-00C04F79EFBC}") = "SalesWebMvc", "SalesWebMvc\SalesWebMvc.csproj", "{8DFAC866-7E74-45C5-AF5D-A387855B618A}"
EndProject
Global
	GlobalSection(SolutionConfigurationPlatforms) = preSolution
		Debug|Any CPU = Debug|Any CPU
		Release|Any CPU = Release|Any CPU
	EndGlobalSection
	GlobalSection(ProjectConfigurationPlatforms) = postSolution
		{8DFAC866-7E74-45C5-AF5D-A387855B618A}.Debug|Any CPU.ActiveCfg = Debug|Any CPU
		{8DFAC866-7E74-45C5-AF5D-A387855B618A}.Debug|Any CPU.Build.0 = Debug|Any CPU
		{8DFAC866-7E74-45C5-AF5D-A387855B618A}.Release|Any CPU.ActiveCfg = Release|Any CPU
		{8DFAC866-7E74-45C5-AF5D-A387855B618A}.Release|Any CPU.Build.0 = Release|Any CPU
	EndGlobalSection
	GlobalSection(SolutionProperties) = preSolution
		HideSolutionNode = FALSE
	EndGlobalSection
	GlobalSection(ExtensibilityGlobals) = postSolution
		SolutionGuid = {757EC2B7-9AEA-4F30-A00B-A5EFA02CB3EC}
	EndGlobalSection
EndGlobal
